PODS:
  - Amplitude (8.3.0)
  - amplitude_flutter (0.0.1):
    - Amplitude (= 8.3.0)
    - Flutter
  - Flutter (1.0.0)

DEPENDENCIES:
  - amplitude_flutter (from `.symlinks/plugins/amplitude_flutter/ios`)
  - Flutter (from `Flutter`)

SPEC REPOS:
  trunk:
    - Amplitude

EXTERNAL SOURCES:
  amplitude_flutter:
    :path: ".symlinks/plugins/amplitude_flutter/ios"
  Flutter:
    :path: Flutter

SPEC CHECKSUMS:
  Amplitude: 5627b4574e36d789a75c1656ba39b3278edf1ade
  amplitude_flutter: 1d309a857273856f67e827d68bce547518ed527f
  Flutter: 434fef37c0980e73bb6479ef766c45957d4b510c

PODFILE CHECKSUM: fe0e1ee7f3d1f7d00b11b474b62dd62134535aea

COCOAPODS: 1.10.1
